
Microsoft Visual Studio Solution File, Format Version 12.00
# Visual Studio Version 16
VisualStudioVersion = 16.0.30611.23
MinimumVisualStudioVersion = 10.0.40219.1
Project("{FAE04EC0-301F-11D3-BF4B-00C04F79EFBC}") = "VeeamLab1", "VeeamLab1\VeeamLab1.csproj", "{20F63E19-53AD-4BDE-AAD1-5ABFE63F4E6D}"
EndProject
Global
	GlobalSection(SolutionConfigurationPlatforms) = preSolution
		Debug|Any CPU = Debug|Any CPU
		Release|Any CPU = Release|Any CPU
	EndGlobalSection
	GlobalSection(ProjectConfigurationPlatforms) = postSolution
		{20F63E19-53AD-4BDE-AAD1-5ABFE63F4E6D}.Debug|Any CPU.ActiveCfg = Debug|Any CPU
		{20F63E19-53AD-4BDE-AAD1-5ABFE63F4E6D}.Debug|Any CPU.Build.0 = Debug|Any CPU
		{20F63E19-53AD-4BDE-AAD1-5ABFE63F4E6D}.Release|Any CPU.ActiveCfg = Release|Any CPU
		{20F63E19-53AD-4BDE-AAD1-5ABFE63F4E6D}.Release|Any CPU.Build.0 = Release|Any CPU
	EndGlobalSection
	GlobalSection(SolutionProperties) = preSolution
		HideSolutionNode = FALSE
	EndGlobalSection
	GlobalSection(ExtensibilityGlobals) = postSolution
		SolutionGuid = {725C7BEF-90CC-4090-AD8B-20A49974BB64}
	EndGlobalSection
EndGlobal
